
Microsoft Visual Studio Solution File, Format Version 12.00
# Visual Studio Version 17
VisualStudioVersion = 17.9.34701.34
MinimumVisualStudioVersion = 10.0.40219.1
Project("{FAE04EC0-301F-11D3-BF4B-00C04F79EFBC}") = "AppPuntoVentaG2", "AppPuntoVentaG2\AppPuntoVentaG2.csproj", "{1F7C4B07-0C8A-4F3C-A985-D65887BF1E44}"
EndProject
Project("{FAE04EC0-301F-11D3-BF4B-00C04F79EFBC}") = "BLL", "BLL\BLL.csproj", "{A33A1CA5-CBD7-46CD-A977-CAA0B5AA42B6}"
EndProject
Project("{FAE04EC0-301F-11D3-BF4B-00C04F79EFBC}") = "DAL", "DAL\DAL.csproj", "{A0AB8393-E99E-4730-87E1-5B473A649EDF}"
EndProject
Global
	GlobalSection(SolutionConfigurationPlatforms) = preSolution
		Debug|Any CPU = Debug|Any CPU
		Release|Any CPU = Release|Any CPU
	EndGlobalSection
	GlobalSection(ProjectConfigurationPlatforms) = postSolution
		{1F7C4B07-0C8A-4F3C-A985-D65887BF1E44}.Debug|Any CPU.ActiveCfg = Debug|Any CPU
		{1F7C4B07-0C8A-4F3C-A985-D65887BF1E44}.Debug|Any CPU.Build.0 = Debug|Any CPU
		{1F7C4B07-0C8A-4F3C-A985-D65887BF1E44}.Release|Any CPU.ActiveCfg = Release|Any CPU
		{1F7C4B07-0C8A-4F3C-A985-D65887BF1E44}.Release|Any CPU.Build.0 = Release|Any CPU
		{A33A1CA5-CBD7-46CD-A977-CAA0B5AA42B6}.Debug|Any CPU.ActiveCfg = Debug|Any CPU
		{A33A1CA5-CBD7-46CD-A977-CAA0B5AA42B6}.Debug|Any CPU.Build.0 = Debug|Any CPU
		{A33A1CA5-CBD7-46CD-A977-CAA0B5AA42B6}.Release|Any CPU.ActiveCfg = Release|Any CPU
		{A33A1CA5-CBD7-46CD-A977-CAA0B5AA42B6}.Release|Any CPU.Build.0 = Release|Any CPU
		{A0AB8393-E99E-4730-87E1-5B473A649EDF}.Debug|Any CPU.ActiveCfg = Debug|Any CPU
		{A0AB8393-E99E-4730-87E1-5B473A649EDF}.Debug|Any CPU.Build.0 = Debug|Any CPU
		{A0AB8393-E99E-4730-87E1-5B473A649EDF}.Release|Any CPU.ActiveCfg = Release|Any CPU
		{A0AB8393-E99E-4730-87E1-5B473A649EDF}.Release|Any CPU.Build.0 = Release|Any CPU
	EndGlobalSection
	GlobalSection(SolutionProperties) = preSolution
		HideSolutionNode = FALSE
	EndGlobalSection
	GlobalSection(ExtensibilityGlobals) = postSolution
		SolutionGuid = {7210160F-13F5-4D3F-9607-4AEBF6AAE4C7}
	EndGlobalSection
EndGlobal
